
Microsoft Visual Studio Solution File, Format Version 12.00
# Visual Studio Version 16
VisualStudioVersion = 16.0.34114.132
MinimumVisualStudioVersion = 10.0.40219.1
Project("{888888A0-9F3D-457C-B088-3A5042F75D52}") = "errorhandlinggrades", "errorhandlinggrades\errorhandlinggrades.pyproj", "{270EC421-219A-4C50-A4C1-BE835DBC9211}"
EndProject
Global
	GlobalSection(SolutionConfigurationPlatforms) = preSolution
		Debug|Any CPU = Debug|Any CPU
		Release|Any CPU = Release|Any CPU
	EndGlobalSection
	GlobalSection(ProjectConfigurationPlatforms) = postSolution
		{270EC421-219A-4C50-A4C1-BE835DBC9211}.Debug|Any CPU.ActiveCfg = Debug|Any CPU
		{270EC421-219A-4C50-A4C1-BE835DBC9211}.Release|Any CPU.ActiveCfg = Release|Any CPU
	EndGlobalSection
	GlobalSection(SolutionProperties) = preSolution
		HideSolutionNode = FALSE
	EndGlobalSection
	GlobalSection(ExtensibilityGlobals) = postSolution
		SolutionGuid = {AB71AACA-1D59-4240-ADF1-8FB79E8FFF52}
	EndGlobalSection
EndGlobal
